
Microsoft Visual Studio Solution File, Format Version 11.00
# Visual Studio 2010
Project("{FAE04EC0-301F-11D3-BF4B-00C04F79EFBC}") = "lab8_XAMARIN", "lab8_XAMARIN.csproj", "{6B84F052-7A7F-4EAF-9E7B-EA587B39C3F5}"
EndProject
Global
	GlobalSection(SolutionConfigurationPlatforms) = preSolution
		Debug|x86 = Debug|x86
		Release|x86 = Release|x86
	EndGlobalSection
	GlobalSection(ProjectConfigurationPlatforms) = postSolution
		{6B84F052-7A7F-4EAF-9E7B-EA587B39C3F5}.Debug|x86.ActiveCfg = Debug|x86
		{6B84F052-7A7F-4EAF-9E7B-EA587B39C3F5}.Debug|x86.Build.0 = Debug|x86
		{6B84F052-7A7F-4EAF-9E7B-EA587B39C3F5}.Release|x86.ActiveCfg = Release|x86
		{6B84F052-7A7F-4EAF-9E7B-EA587B39C3F5}.Release|x86.Build.0 = Release|x86
	EndGlobalSection
EndGlobal
